// !$*UTF8*$!
{
	archiveVersion = 1;
	classes = {
	};
	objectVersion = 56;
	objects = {

/* Begin PBXBuildFile section */
		E220C6652C0D629400AC7167 /* AppDelegate.swift in Sources */ = {isa = PBXBuildFile; fileRef = E220C6642C0D629400AC7167 /* AppDelegate.swift */; };
		E220C6672C0D629400AC7167 /* SceneDelegate.swift in Sources */ = {isa = PBXBuildFile; fileRef = E220C6662C0D629400AC7167 /* SceneDelegate.swift */; };
		E220C6692C0D629400AC7167 /* ViewController.swift in Sources */ = {isa = PBXBuildFile; fileRef = E220C6682C0D629400AC7167 /* ViewController.swift */; };
		E220C66C2C0D629400AC7167 /* Base in Resources */ = {isa = PBXBuildFile; fileRef = E220C66B2C0D629400AC7167 /* Base */; };
		E220C66E2C0D629600AC7167 /* Assets.xcassets in Resources */ = {isa = PBXBuildFile; fileRef = E220C66D2C0D629600AC7167 /* Assets.xcassets */; };
		E220C6712C0D629600AC7167 /* Base in Resources */ = {isa = PBXBuildFile; fileRef = E220C6702C0D629600AC7167 /* Base */; };
		E220C67C2C0D629600AC7167 /* lab4Tests.swift in Sources */ = {isa = PBXBuildFile; fileRef = E220C67B2C0D629600AC7167 /* lab4Tests.swift */; };
		E220C6862C0D629600AC7167 /* lab4UITests.swift in Sources */ = {isa = PBXBuildFile; fileRef = E220C6852C0D629600AC7167 /* lab4UITests.swift */; };
		E220C6882C0D629600AC7167 /* lab4UITestsLaunchTests.swift in Sources */ = {isa = PBXBuildFile; fileRef = E220C6872C0D629600AC7167 /* lab4UITestsLaunchTests.swift */; };
/* End PBXBuildFile section */

/* Begin PBXContainerItemProxy section */
		E220C6782C0D629600AC7167 /* PBXContainerItemProxy */ = {
			isa = PBXContainerItemProxy;
			containerPortal = E220C6592C0D629400AC7167 /* Project object */;
			proxyType = 1;
			remoteGlobalIDString = E220C6602C0D629400AC7167;
			remoteInfo = lab4;
		};
		E220C6822C0D629600AC7167 /* PBXContainerItemProxy */ = {
			isa = PBXContainerItemProxy;
			containerPortal = E220C6592C0D629400AC7167 /* Project object */;
			proxyType = 1;
			remoteGlobalIDString = E220C6602C0D629400AC7167;
			remoteInfo = lab4;
		};
/* End PBXContainerItemProxy section */

/* Begin PBXFileReference section */
		E220C6612C0D629400AC7167 /* lab4.app */ = {isa = PBXFileReference; explicitFileType = wrapper.application; includeInIndex = 0; path = lab4.app; sourceTree = BUILT_PRODUCTS_DIR; };
		E220C6642C0D629400AC7167 /* AppDelegate.swift */ = {isa = PBXFileReference; lastKnownFileType = sourcecode.swift; path = AppDelegate.swift; sourceTree = "<group>"; };
		E220C6662C0D629400AC7167 /* SceneDelegate.swift */ = {isa = PBXFileReference; lastKnownFileType = sourcecode.swift; path = SceneDelegate.swift; sourceTree = "<group>"; };
		E220C6682C0D629400AC7167 /* ViewController.swift */ = {isa = PBXFileReference; lastKnownFileType = sourcecode.swift; path = ViewController.swift; sourceTree = "<group>"; };
		E220C66B2C0D629400AC7167 /* Base */ = {isa = PBXFileReference; lastKnownFileType = file.storyboard; name = Base; path = Base.lproj/Main.storyboard; sourceTree = "<group>"; };
		E220C66D2C0D629600AC7167 /* Assets.xcassets */ = {isa = PBXFileReference; lastKnownFileType = folder.assetcatalog; path = Assets.xcassets; sourceTree = "<group>"; };
		E220C6702C0D629600AC7167 /* Base */ = {isa = PBXFileReference; lastKnownFileType = file.storyboard; name = Base; path = Base.lproj/LaunchScreen.storyboard; sourceTree = "<group>"; };
		E220C6722C0D629600AC7167 /* Info.plist */ = {isa = PBXFileReference; lastKnownFileType = text.plist.xml; path = Info.plist; sourceTree = "<group>"; };
		E220C6772C0D629600AC7167 /* lab4Tests.xctest */ = {isa = PBXFileReference; explicitFileType = wrapper.cfbundle; includeInIndex = 0; path = lab4Tests.xctest; sourceTree = BUILT_PRODUCTS_DIR; };
		E220C67B2C0D629600AC7167 /* lab4Tests.swift */ = {isa = PBXFileReference; lastKnownFileType = sourcecode.swift; path = lab4Tests.swift; sourceTree = "<group>"; };
		E220C6812C0D629600AC7167 /* lab4UITests.xctest */ = {isa = PBXFileReference; explicitFileType = wrapper.cfbundle; includeInIndex = 0; path = lab4UITests.xctest; sourceTree = BUILT_PRODUCTS_DIR; };
		E220C6852C0D629600AC7167 /* lab4UITests.swift */ = {isa = PBXFileReference; lastKnownFileType = sourcecode.swift; path = lab4UITests.swift; sourceTree = "<group>"; };
		E220C6872C0D629600AC7167 /* lab4UITestsLaunchTests.swift */ = {isa = PBXFileReference; lastKnownFileType = sourcecode.swift; path = lab4UITestsLaunchTests.swift; sourceTree = "<group>"; };
/* End PBXFileReference section */

/* Begin PBXFrameworksBuildPhase section */
		E220C65E2C0D629400AC7167 /* Frameworks */ = {
			isa = PBXFrameworksBuildPhase;
			buildActionMask = 2147483647;
			files = (
			);
			runOnlyForDeploymentPostprocessing = 0;
		};
		E220C6742C0D629600AC7167 /* Frameworks */ = {
			isa = PBXFrameworksBuildPhase;
			buildActionMask = 2147483647;
			files = (
			);
			runOnlyForDeploymentPostprocessing = 0;
		};
		E220C67E2C0D629600AC7167 /* Frameworks */ = {
			isa = PBXFrameworksBuildPhase;
			buildActionMask = 2147483647;
			files = (
			);
			runOnlyForDeploymentPostprocessing = 0;
		};
/* End PBXFrameworksBuildPhase section */

/* Begin PBXGroup section */
		E220C6582C0D629400AC7167 = {
			isa = PBXGroup;
			children = (
				E220C6632C0D629400AC7167 /* lab4 */,
				E220C67A2C0D629600AC7167 /* lab4Tests */,
				E220C6842C0D629600AC7167 /* lab4UITests */,
				E220C6622C0D629400AC7167 /* Products */,
			);
			sourceTree = "<group>";
		};
		E220C6622C0D629400AC7167 /* Products */ = {
			isa = PBXGroup;
			children = (
				E220C6612C0D629400AC7167 /* lab4.app */,
				E220C6772C0D629600AC7167 /* lab4Tests.xctest */,
				E220C6812C0D629600AC7167 /* lab4UITests.xctest */,
			);
			name = Products;
			sourceTree = "<group>";
		};
		E220C6632C0D629400AC7167 /* lab4 */ = {
			isa = PBXGroup;
			children = (
				E220C6642C0D629400AC7167 /* AppDelegate.swift */,
				E220C6662C0D629400AC7167 /* SceneDelegate.swift */,
				E220C6682C0D629400AC7167 /* ViewController.swift */,
				E220C66A2C0D629400AC7167 /* Main.storyboard */,
				E220C66D2C0D629600AC7167 /* Assets.xcassets */,
				E220C66F2C0D629600AC7167 /* LaunchScreen.storyboard */,
				E220C6722C0D629600AC7167 /* Info.plist */,
			);
			path = lab4;
			sourceTree = "<group>";
		};
		E220C67A2C0D629600AC7167 /* lab4Tests */ = {
			isa = PBXGroup;
			children = (
				E220C67B2C0D629600AC7167 /* lab4Tests.swift */,
			);
			path = lab4Tests;
			sourceTree = "<group>";
		};
		E220C6842C0D629600AC7167 /* lab4UITests */ = {
			isa = PBXGroup;
			children = (
				E220C6852C0D629600AC7167 /* lab4UITests.swift */,
				E220C6872C0D629600AC7167 /* lab4UITestsLaunchTests.swift */,
			);
			path = lab4UITests;
			sourceTree = "<group>";
		};
/* End PBXGroup section */

/* Begin PBXNativeTarget section */
		E220C6602C0D629400AC7167 /* lab4 */ = {
			isa = PBXNativeTarget;
			buildConfigurationList = E220C68B2C0D629600AC7167 /* Build configuration list for PBXNativeTarget "lab4" */;
			buildPhases = (
				E220C65D2C0D629400AC7167 /* Sources */,
				E220C65E2C0D629400AC7167 /* Frameworks */,
				E220C65F2C0D629400AC7167 /* Resources */,
			);
			buildRules = (
			);
			dependencies = (
			);
			name = lab4;
			productName = lab4;
			productReference = E220C6612C0D629400AC7167 /* lab4.app */;
			productType = "com.apple.product-type.application";
		};
		E220C6762C0D629600AC7167 /* lab4Tests */ = {
			isa = PBXNativeTarget;
			buildConfigurationList = E220C68E2C0D629600AC7167 /* Build configuration list for PBXNativeTarget "lab4Tests" */;
			buildPhases = (
				E220C6732C0D629600AC7167 /* Sources */,
				E220C6742C0D629600AC7167 /* Frameworks */,
				E220C6752C0D629600AC7167 /* Resources */,
			);
			buildRules = (
			);
			dependencies = (
				E220C6792C0D629600AC7167 /* PBXTargetDependency */,
			);
			name = lab4Tests;
			productName = lab4Tests;
			productReference = E220C6772C0D629600AC7167 /* lab4Tests.xctest */;
			productType = "com.apple.product-type.bundle.unit-test";
		};
		E220C6802C0D629600AC7167 /* lab4UITests */ = {
			isa = PBXNativeTarget;
			buildConfigurationList = E220C6912C0D629600AC7167 /* Build configuration list for PBXNativeTarget "lab4UITests" */;
			buildPhases = (
				E220C67D2C0D629600AC7167 /* Sources */,
				E220C67E2C0D629600AC7167 /* Frameworks */,
				E220C67F2C0D629600AC7167 /* Resources */,
			);
			buildRules = (
			);
			dependencies = (
				E220C6832C0D629600AC7167 /* PBXTargetDependency */,
			);
			name = lab4UITests;
			productName = lab4UITests;
			productReference = E220C6812C0D629600AC7167 /* lab4UITests.xctest */;
			productType = "com.apple.product-type.bundle.ui-testing";
		};
/* End PBXNativeTarget section */

/* Begin PBXProject section */
		E220C6592C0D629400AC7167 /* Project object */ = {
			isa = PBXProject;
			attributes = {
				BuildIndependentTargetsInParallel = 1;
				LastSwiftUpdateCheck = 1540;
				LastUpgradeCheck = 1540;
				TargetAttributes = {
					E220C6602C0D629400AC7167 = {
						CreatedOnToolsVersion = 15.4;
					};
					E220C6762C0D629600AC7167 = {
						CreatedOnToolsVersion = 15.4;
						TestTargetID = E220C6602C0D629400AC7167;
					};
					E220C6802C0D629600AC7167 = {
						CreatedOnToolsVersion = 15.4;
						TestTargetID = E220C6602C0D629400AC7167;
					};
				};
			};
			buildConfigurationList = E220C65C2C0D629400AC7167 /* Build configuration list for PBXProject "lab4" */;
			compatibilityVersion = "Xcode 14.0";
			developmentRegion = en;
			hasScannedForEncodings = 0;
			knownRegions = (
				en,
				Base,
			);
			mainGroup = E220C6582C0D629400AC7167;
			productRefGroup = E220C6622C0D629400AC7167 /* Products */;
			projectDirPath = "";
			projectRoot = "";
			targets = (
				E220C6602C0D629400AC7167 /* lab4 */,
				E220C6762C0D629600AC7167 /* lab4Tests */,
				E220C6802C0D629600AC7167 /* lab4UITests */,
			);
		};
/* End PBXProject section */

/* Begin PBXResourcesBuildPhase section */
		E220C65F2C0D629400AC7167 /* Resources */ = {
			isa = PBXResourcesBuildPhase;
			buildActionMask = 2147483647;
			files = (
				E220C66E2C0D629600AC7167 /* Assets.xcassets in Resources */,
				E220C6712C0D629600AC7167 /* Base in Resources */,
				E220C66C2C0D629400AC7167 /* Base in Resources */,
			);
			runOnlyForDeploymentPostprocessing = 0;
		};
		E220C6752C0D629600AC7167 /* Resources */ = {
			isa = PBXResourcesBuildPhase;
			buildActionMask = 2147483647;
			files = (
			);
			runOnlyForDeploymentPostprocessing = 0;
		};
		E220C67F2C0D629600AC7167 /* Resources */ = {
			isa = PBXResourcesBuildPhase;
			buildActionMask = 2147483647;
			files = (
			);
			runOnlyForDeploymentPostprocessing = 0;
		};
/* End PBXResourcesBuildPhase section */

/* Begin PBXSourcesBuildPhase section */
		E220C65D2C0D629400AC7167 /* Sources */ = {
			isa = PBXSourcesBuildPhase;
			buildActionMask = 2147483647;
			files = (
				E220C6692C0D629400AC7167 /* ViewController.swift in Sources */,
				E220C6652C0D629400AC7167 /* AppDelegate.swift in Sources */,
				E220C6672C0D629400AC7167 /* SceneDelegate.swift in Sources */,
			);
			runOnlyForDeploymentPostprocessing = 0;
		};
		E220C6732C0D629600AC7167 /* Sources */ = {
			isa = PBXSourcesBuildPhase;
			buildActionMask = 2147483647;
			files = (
				E220C67C2C0D629600AC7167 /* lab4Tests.swift in Sources */,
			);
			runOnlyForDeploymentPostprocessing = 0;
		};
		E220C67D2C0D629600AC7167 /* Sources */ = {
			isa = PBXSourcesBuildPhase;
			buildActionMask = 2147483647;
			files = (
				E220C6862C0D629600AC7167 /* lab4UITests.swift in Sources */,
				E220C6882C0D629600AC7167 /* lab4UITestsLaunchTests.swift in Sources */,
			);
			runOnlyForDeploymentPostprocessing = 0;
		};
/* End PBXSourcesBuildPhase section */

/* Begin PBXTargetDependency section */
		E220C6792C0D629600AC7167 /* PBXTargetDependency */ = {
			isa = PBXTargetDependency;
			target = E220C6602C0D629400AC7167 /* lab4 */;
			targetProxy = E220C6782C0D629600AC7167 /* PBXContainerItemProxy */;
		};
		E220C6832C0D629600AC7167 /* PBXTargetDependency */ = {
			isa = PBXTargetDependency;
			target = E220C6602C0D629400AC7167 /* lab4 */;
			targetProxy = E220C6822C0D629600AC7167 /* PBXContainerItemProxy */;
		};
/* End PBXTargetDependency section */

/* Begin PBXVariantGroup section */
		E220C66A2C0D629400AC7167 /* Main.storyboard */ = {
			isa = PBXVariantGroup;
			children = (
				E220C66B2C0D629400AC7167 /* Base */,
			);
			name = Main.storyboard;
			sourceTree = "<group>";
		};
		E220C66F2C0D629600AC7167 /* LaunchScreen.storyboard */ = {
			isa = PBXVariantGroup;
			children = (
				E220C6702C0D629600AC7167 /* Base */,
			);
			name = LaunchScreen.storyboard;
			sourceTree = "<group>";
		};
/* End PBXVariantGroup section */

/* Begin XCBuildConfiguration section */
		E220C6892C0D629600AC7167 /* Debug */ = {
			isa = XCBuildConfiguration;
			buildSettings = {
				ALWAYS_SEARCH_USER_PATHS = NO;
				ASSETCATALOG_COMPILER_GENERATE_SWIFT_ASSET_SYMBOL_EXTENSIONS = YES;
				CLANG_ANALYZER_NONNULL = YES;
				CLANG_ANALYZER_NUMBER_OBJECT_CONVERSION = YES_AGGRESSIVE;
				CLANG_CXX_LANGUAGE_STANDARD = "gnu++20";
				CLANG_ENABLE_MODULES = YES;
				CLANG_ENABLE_OBJC_ARC = YES;
				CLANG_ENABLE_OBJC_WEAK = YES;
				CLANG_WARN_BLOCK_CAPTURE_AUTORELEASING = YES;
				CLANG_WARN_BOOL_CONVERSION = YES;
				CLANG_WARN_COMMA = YES;
				CLANG_WARN_CONSTANT_CONVERSION = YES;
				CLANG_WARN_DEPRECATED_OBJC_IMPLEMENTATIONS = YES;
				CLANG_WARN_DIRECT_OBJC_ISA_USAGE = YES_ERROR;
				CLANG_WARN_DOCUMENTATION_COMMENTS = YES;
				CLANG_WARN_EMPTY_BODY = YES;
				CLANG_WARN_ENUM_CONVERSION = YES;
				CLANG_WARN_INFINITE_RECURSION = YES;
				CLANG_WARN_INT_CONVERSION = YES;
				CLANG_WARN_NON_LITERAL_NULL_CONVERSION = YES;
				CLANG_WARN_OBJC_IMPLICIT_RETAIN_SELF = YES;
				CLANG_WARN_OBJC_LITERAL_CONVERSION = YES;
				CLANG_WARN_OBJC_ROOT_CLASS = YES_ERROR;
				CLANG_WARN_QUOTED_INCLUDE_IN_FRAMEWORK_HEADER = YES;
				CLANG_WARN_RANGE_LOOP_ANALYSIS = YES;
				CLANG_WARN_STRICT_PROTOTYPES = YES;
				CLANG_WARN_SUSPICIOUS_MOVE = YES;
				CLANG_WARN_UNGUARDED_AVAILABILITY = YES_AGGRESSIVE;
				CLANG_WARN_UNREACHABLE_CODE = YES;
				CLANG_WARN__DUPLICATE_METHOD_MATCH = YES;
				COPY_PHASE_STRIP = NO;
				DEBUG_INFORMATION_FORMAT = dwarf;
				ENABLE_STRICT_OBJC_MSGSEND = YES;
				ENABLE_TESTABILITY = YES;
				ENABLE_USER_SCRIPT_SANDBOXING = YES;
				GCC_C_LANGUAGE_STANDARD = gnu17;
				GCC_DYNAMIC_NO_PIC = NO;
				GCC_NO_COMMON_BLOCKS = YES;
				GCC_OPTIMIZATION_LEVEL = 0;
				GCC_PREPROCESSOR_DEFINITIONS = (
					"DEBUG=1",
					"$(inherited)",
				);
				GCC_WARN_64_TO_32_BIT_CONVERSION = YES;
				GCC_WARN_ABOUT_RETURN_TYPE = YES_ERROR;
				GCC_WARN_UNDECLARED_SELECTOR = YES;
				GCC_WARN_UNINITIALIZED_AUTOS = YES_AGGRESSIVE;
				GCC_WARN_UNUSED_FUNCTION = YES;
				GCC_WARN_UNUSED_VARIABLE = YES;
				IPHONEOS_DEPLOYMENT_TARGET = 17.5;
				LOCALIZATION_PREFERS_STRING_CATALOGS = YES;
				MTL_ENABLE_DEBUG_INFO = INCLUDE_SOURCE;
				MTL_FAST_MATH = YES;
				ONLY_ACTIVE_ARCH = YES;
				SDKROOT = iphoneos;
				SWIFT_ACTIVE_COMPILATION_CONDITIONS = "DEBUG $(inherited)";
				SWIFT_OPTIMIZATION_LEVEL = "-Onone";
			};
			name = Debug;
		};
		E220C68A2C0D629600AC7167 /* Release */ = {
			isa = XCBuildConfiguration;
			buildSettings = {
				ALWAYS_SEARCH_USER_PATHS = NO;
				ASSETCATALOG_COMPILER_GENERATE_SWIFT_ASSET_SYMBOL_EXTENSIONS = YES;
				CLANG_ANALYZER_NONNULL = YES;
				CLANG_ANALYZER_NUMBER_OBJECT_CONVERSION = YES_AGGRESSIVE;
				CLANG_CXX_LANGUAGE_STANDARD = "gnu++20";
				CLANG_ENABLE_MODULES = YES;
				CLANG_ENABLE_OBJC_ARC = YES;
				CLANG_ENABLE_OBJC_WEAK = YES;
				CLANG_WARN_BLOCK_CAPTURE_AUTORELEASING = YES;
				CLANG_WARN_BOOL_CONVERSION = YES;
				CLANG_WARN_COMMA = YES;
				CLANG_WARN_CONSTANT_CONVERSION = YES;
				CLANG_WARN_DEPRECATED_OBJC_IMPLEMENTATIONS = YES;
				CLANG_WARN_DIRECT_OBJC_ISA_USAGE = YES_ERROR;
				CLANG_WARN_DOCUMENTATION_COMMENTS = YES;
				CLANG_WARN_EMPTY_BODY = YES;
				CLANG_WARN_ENUM_CONVERSION = YES;
				CLANG_WARN_INFINITE_RECURSION = YES;
				CLANG_WARN_INT_CONVERSION = YES;
				CLANG_WARN_NON_LITERAL_NULL_CONVERSION = YES;
				CLANG_WARN_OBJC_IMPLICIT_RETAIN_SELF = YES;
				CLANG_WARN_OBJC_LITERAL_CONVERSION = YES;
				CLANG_WARN_OBJC_ROOT_CLASS = YES_ERROR;
				CLANG_WARN_QUOTED_INCLUDE_IN_FRAMEWORK_HEADER = YES;
				CLANG_WARN_RANGE_LOOP_ANALYSIS = YES;
				CLANG_WARN_STRICT_PROTOTYPES = YES;
				CLANG_WARN_SUSPICIOUS_MOVE = YES;
				CLANG_WARN_UNGUARDED_AVAILABILITY = YES_AGGRESSIVE;
				CLANG_WARN_UNREACHABLE_CODE = YES;
				CLANG_WARN__DUPLICATE_METHOD_MATCH = YES;
				COPY_PHASE_STRIP = NO;
				DEBUG_INFORMATION_FORMAT = "dwarf-with-dsym";
				ENABLE_NS_ASSERTIONS = NO;
				ENABLE_STRICT_OBJC_MSGSEND = YES;
				ENABLE_USER_SCRIPT_SANDBOXING = YES;
				GCC_C_LANGUAGE_STANDARD = gnu17;
				GCC_NO_COMMON_BLOCKS = YES;
				GCC_WARN_64_TO_32_BIT_CONVERSION = YES;
				GCC_WARN_ABOUT_RETURN_TYPE = YES_ERROR;
				GCC_WARN_UNDECLARED_SELECTOR = YES;
				GCC_WARN_UNINITIALIZED_AUTOS = YES_AGGRESSIVE;
				GCC_WARN_UNUSED_FUNCTION = YES;
				GCC_WARN_UNUSED_VARIABLE = YES;
				IPHONEOS_DEPLOYMENT_TARGET = 17.5;
				LOCALIZATION_PREFERS_STRING_CATALOGS = YES;
				MTL_ENABLE_DEBUG_INFO = NO;
				MTL_FAST_MATH = YES;
				SDKROOT = iphoneos;
				SWIFT_COMPILATION_MODE = wholemodule;
				VALIDATE_PRODUCT = YES;
			};
			name = Release;
		};
		E220C68C2C0D629600AC7167 /* Debug */ = {
			isa = XCBuildConfiguration;
			buildSettings = {
				ASSETCATALOG_COMPILER_APPICON_NAME = AppIcon;
				ASSETCATALOG_COMPILER_GLOBAL_ACCENT_COLOR_NAME = AccentColor;
				CODE_SIGN_STYLE = Automatic;
				CURRENT_PROJECT_VERSION = 1;
				GENERATE_INFOPLIST_FILE = YES;
				INFOPLIST_FILE = lab4/Info.plist;
				INFOPLIST_KEY_UIApplicationSupportsIndirectInputEvents = YES;
				INFOPLIST_KEY_UILaunchStoryboardName = LaunchScreen;
				INFOPLIST_KEY_UIMainStoryboardFile = Main;
				INFOPLIST_KEY_UISupportedInterfaceOrientations_iPad = "UIInterfaceOrientationPortrait UIInterfaceOrientationPortraitUpsideDown UIInterfaceOrientationLandscapeLeft UIInterfaceOrientationLandscapeRight";
				INFOPLIST_KEY_UISupportedInterfaceOrientations_iPhone = "UIInterfaceOrientationPortrait UIInterfaceOrientationLandscapeLeft UIInterfaceOrientationLandscapeRight";
				LD_RUNPATH_SEARCH_PATHS = (
					"$(inherited)",
					"@executable_path/Frameworks",
				);
				MARKETING_VERSION = 1.0;
				PRODUCT_BUNDLE_IDENTIFIER = com.conestogac.lab4;
				PRODUCT_NAME = "$(TARGET_NAME)";
				SWIFT_EMIT_LOC_STRINGS = YES;
				SWIFT_VERSION = 5.0;
				TARGETED_DEVICE_FAMILY = "1,2";
			};
			name = Debug;
		};
		E220C68D2C0D629600AC7167 /* Release */ = {
			isa = XCBuildConfiguration;
			buildSettings = {
				ASSETCATALOG_COMPILER_APPICON_NAME = AppIcon;
				ASSETCATALOG_COMPILER_GLOBAL_ACCENT_COLOR_NAME = AccentColor;
				CODE_SIGN_STYLE = Automatic;
				CURRENT_PROJECT_VERSION = 1;
				GENERATE_INFOPLIST_FILE = YES;
				INFOPLIST_FILE = lab4/Info.plist;
				INFOPLIST_KEY_UIApplicationSupportsIndirectInputEvents = YES;
				INFOPLIST_KEY_UILaunchStoryboardName = LaunchScreen;
				INFOPLIST_KEY_UIMainStoryboardFile = Main;
				INFOPLIST_KEY_UISupportedInterfaceOrientations_iPad = "UIInterfaceOrientationPortrait UIInterfaceOrientationPortraitUpsideDown UIInterfaceOrientationLandscapeLeft UIInterfaceOrientationLandscapeRight";
				INFOPLIST_KEY_UISupportedInterfaceOrientations_iPhone = "UIInterfaceOrientationPortrait UIInterfaceOrientationLandscapeLeft UIInterfaceOrientationLandscapeRight";
				LD_RUNPATH_SEARCH_PATHS = (
					"$(inherited)",
					"@executable_path/Frameworks",
				);
				MARKETING_VERSION = 1.0;
				PRODUCT_BUNDLE_IDENTIFIER = com.conestogac.lab4;
				PRODUCT_NAME = "$(TARGET_NAME)";
				SWIFT_EMIT_LOC_STRINGS = YES;
				SWIFT_VERSION = 5.0;
				TARGETED_DEVICE_FAMILY = "1,2";
			};
			name = Release;
		};
		E220C68F2C0D629600AC7167 /* Debug */ = {
			isa = XCBuildConfiguration;
			buildSettings = {
				ALWAYS_EMBED_SWIFT_STANDARD_LIBRARIES = YES;
				BUNDLE_LOADER = "$(TEST_HOST)";
				CODE_SIGN_STYLE = Automatic;
				CURRENT_PROJECT_VERSION = 1;
				GENERATE_INFOPLIST_FILE = YES;
				IPHONEOS_DEPLOYMENT_TARGET = 17.5;
				MARKETING_VERSION = 1.0;
				PRODUCT_BUNDLE_IDENTIFIER = com.conestogac.lab4Tests;
				PRODUCT_NAME = "$(TARGET_NAME)";
				SWIFT_EMIT_LOC_STRINGS = NO;
				SWIFT_VERSION = 5.0;
				TARGETED_DEVICE_FAMILY = "1,2";
				TEST_HOST = "$(BUILT_PRODUCTS_DIR)/lab4.app/$(BUNDLE_EXECUTABLE_FOLDER_PATH)/lab4";
			};
			name = Debug;
		};
		E220C6902C0D629600AC7167 /* Release */ = {
			isa = XCBuildConfiguration;
			buildSettings = {
				ALWAYS_EMBED_SWIFT_STANDARD_LIBRARIES = YES;
				BUNDLE_LOADER = "$(TEST_HOST)";
				CODE_SIGN_STYLE = Automatic;
				CURRENT_PROJECT_VERSION = 1;
				GENERATE_INFOPLIST_FILE = YES;
				IPHONEOS_DEPLOYMENT_TARGET = 17.5;
				MARKETING_VERSION = 1.0;
				PRODUCT_BUNDLE_IDENTIFIER = com.conestogac.lab4Tests;
				PRODUCT_NAME = "$(TARGET_NAME)";
				SWIFT_EMIT_LOC_STRINGS = NO;
				SWIFT_VERSION = 5.0;
				TARGETED_DEVICE_FAMILY = "1,2";
				TEST_HOST = "$(BUILT_PRODUCTS_DIR)/lab4.app/$(BUNDLE_EXECUTABLE_FOLDER_PATH)/lab4";
			};
			name = Release;
		};
		E220C6922C0D629600AC7167 /* Debug */ = {
			isa = XCBuildConfiguration;
			buildSettings = {
				ALWAYS_EMBED_SWIFT_STANDARD_LIBRARIES = YES;
				CODE_SIGN_STYLE = Automatic;
				CURRENT_PROJECT_VERSION = 1;
				GENERATE_INFOPLIST_FILE = YES;
				MARKETING_VERSION = 1.0;
				PRODUCT_BUNDLE_IDENTIFIER = com.conestogac.lab4UITests;
				PRODUCT_NAME = "$(TARGET_NAME)";
				SWIFT_EMIT_LOC_STRINGS = NO;
				SWIFT_VERSION = 5.0;
				TARGETED_DEVICE_FAMILY = "1,2";
				TEST_TARGET_NAME = lab4;
			};
			name = Debug;
		};
		E220C6932C0D629600AC7167 /* Release */ = {
			isa = XCBuildConfiguration;
			buildSettings = {
				ALWAYS_EMBED_SWIFT_STANDARD_LIBRARIES = YES;
				CODE_SIGN_STYLE = Automatic;
				CURRENT_PROJECT_VERSION = 1;
				GENERATE_INFOPLIST_FILE = YES;
				MARKETING_VERSION = 1.0;
				PRODUCT_BUNDLE_IDENTIFIER = com.conestogac.lab4UITests;
				PRODUCT_NAME = "$(TARGET_NAME)";
				SWIFT_EMIT_LOC_STRINGS = NO;
				SWIFT_VERSION = 5.0;
				TARGETED_DEVICE_FAMILY = "1,2";
				TEST_TARGET_NAME = lab4;
			};
			name = Release;
		};
/* End XCBuildConfiguration section */

/* Begin XCConfigurationList section */
		E220C65C2C0D629400AC7167 /* Build configuration list for PBXProject "lab4" */ = {
			isa = XCConfigurationList;
			buildConfigurations = (
				E220C6892C0D629600AC7167 /* Debug */,
				E220C68A2C0D629600AC7167 /* Release */,
			);
			defaultConfigurationIsVisible = 0;
			defaultConfigurationName = Release;
		};
		E220C68B2C0D629600AC7167 /* Build configuration list for PBXNativeTarget "lab4" */ = {
			isa = XCConfigurationList;
			buildConfigurations = (
				E220C68C2C0D629600AC7167 /* Debug */,
				E220C68D2C0D629600AC7167 /* Release */,
			);
			defaultConfigurationIsVisible = 0;
			defaultConfigurationName = Release;
		};
		E220C68E2C0D629600AC7167 /* Build configuration list for PBXNativeTarget "lab4Tests" */ = {
			isa = XCConfigurationList;
			buildConfigurations = (
				E220C68F2C0D629600AC7167 /* Debug */,
				E220C6902C0D629600AC7167 /* Release */,
			);
			defaultConfigurationIsVisible = 0;
			defaultConfigurationName = Release;
		};
		E220C6912C0D629600AC7167 /* Build configuration list for PBXNativeTarget "lab4UITests" */ = {
			isa = XCConfigurationList;
			buildConfigurations = (
				E220C6922C0D629600AC7167 /* Debug */,
				E220C6932C0D629600AC7167 /* Release */,
			);
			defaultConfigurationIsVisible = 0;
			defaultConfigurationName = Release;
		};
/* End XCConfigurationList section */
	};
	rootObject = E220C6592C0D629400AC7167 /* Project object */;
}
